{
  "name": "@elfin-fe/eslint-config-standard",
  "version": "2.0.2",
  "lockfileVersion": 1,
  "requires": true,
  "dependencies": {
    "eslint-config-standard": {
      "version": "14.1.1",
      "resolved": "https://registry.npm.taobao.org/eslint-config-standard/download/eslint-config-standard-14.1.1.tgz",
      "integrity": "sha1-gwqOROeu995nRkl5rQa0BgJsVuo="
    }
  }
}
