{
  "name": "@elfin-fe/eslint-config-standard",
  "version": "2.0.2",
  "lockfileVersion": 1,
  "requires": true,
  "dependencies": {
    "eslint-config-standard": {
      "version": "13.0.1",
      "resolved": "https://registry.npm.taobao.org/eslint-config-standard/download/eslint-config-standard-13.0.1.tgz",
      "integrity": "sha1-ycb/4M+4pRU1vFx+yfcOr7jGssA="
    }
  }
}
