{
  "name": "@elfin-fe/eslint-config-standard",
  "version": "4.0.0",
  "lockfileVersion": 1,
  "requires": true,
  "dependencies": {
    "eslint-config-standard": {
      "version": "16.0.2",
      "resolved": "https://registry.npm.taobao.org/eslint-config-standard/download/eslint-config-standard-16.0.2.tgz",
      "integrity": "sha1-cekXJ6x6IDeC0KXKTRxGLRTiNPY="
    }
  }
}
