# THIS IS AN AUTOGENERATED FILE. DO NOT EDIT THIS FILE DIRECTLY.
# yarn lockfile v1


eslint-config-standard@^13.0.1:
  version "13.0.1"
  resolved "https://registry.npm.taobao.org/eslint-config-standard/download/eslint-config-standard-13.0.1.tgz#c9c6ffe0cfb8a51535bc5c7ec9f70eafb8c6b2c0"
  integrity sha1-ycb/4M+4pRU1vFx+yfcOr7jGssA=
